
Microsoft Visual Studio Solution File, Format Version 12.00
# Visual Studio 15
Project("{FAE04EC0-301F-11D3-BF4B-00C04F79EFBC}") = "UnityEngine.UI", "UnityEngine.UI.csproj", "{D9A28B18-7C91-32F9-646E-91D5068F9413}"
EndProject
Project("{FAE04EC0-301F-11D3-BF4B-00C04F79EFBC}") = "UnityEngine.TestRunner", "UnityEngine.TestRunner.csproj", "{D9A79E38-5A20-2975-E19E-987EC7BCD83C}"
EndProject
Project("{FAE04EC0-301F-11D3-BF4B-00C04F79EFBC}") = "Unity.VisualScripting.Flow", "Unity.VisualScripting.Flow.csproj", "{D998F1A4-6875-A04E-8108-C807F7AB215C}"
EndProject
Project("{FAE04EC0-301F-11D3-BF4B-00C04F79EFBC}") = "Unity.Services.Core.Telemetry", "Unity.Services.Core.Telemetry.csproj", "{FDABE3A8-75D8-122E-1C65-A39AE6CA6C50}"
EndProject
Project("{FAE04EC0-301F-11D3-BF4B-00C04F79EFBC}") = "Unity.VisualScripting.State", "Unity.VisualScripting.State.csproj", "{C02945A4-19D3-8AFF-1B9E-C351B7C528D1}"
EndProject
Project("{FAE04EC0-301F-11D3-BF4B-00C04F79EFBC}") = "Unity.VisualScripting.Core", "Unity.VisualScripting.Core.csproj", "{6F563C4B-6F51-B214-D08C-7210B304683A}"
EndProject
Project("{FAE04EC0-301F-11D3-BF4B-00C04F79EFBC}") = "Unity.Services.Core.Environments.Internal", "Unity.Services.Core.Environments.Internal.csproj", "{A28E09E6-8E3A-642D-D749-3E044A23BC50}"
EndProject
Project("{FAE04EC0-301F-11D3-BF4B-00C04F79EFBC}") = "Unity.TextMeshPro", "Unity.TextMeshPro.csproj", "{1ED3120C-3AAF-E51B-DA63-61C2165AFCF3}"
EndProject
Project("{FAE04EC0-301F-11D3-BF4B-00C04F79EFBC}") = "Unity.Timeline", "Unity.Timeline.csproj", "{559932FB-2B95-0DB7-EF8C-DCD56BAC50CC}"
EndProject
Project("{FAE04EC0-301F-11D3-BF4B-00C04F79EFBC}") = "Unity.Services.Core", "Unity.Services.Core.csproj", "{51EC8A23-4CA3-FF22-73B7-73028CC17652}"
EndProject
Project("{FAE04EC0-301F-11D3-BF4B-00C04F79EFBC}") = "Unity.Services.Core.Environments", "Unity.Services.Core.Environments.csproj", "{161119CB-F727-546F-F60F-E6B56CC654A8}"
EndProject
Project("{FAE04EC0-301F-11D3-BF4B-00C04F79EFBC}") = "Unity.Services.Core.Internal", "Unity.Services.Core.Internal.csproj", "{CB34C212-BB43-2B44-8C46-892759C7E44E}"
EndProject
Project("{FAE04EC0-301F-11D3-BF4B-00C04F79EFBC}") = "Unity.Services.Core.Analytics", "Unity.Services.Core.Analytics.csproj", "{65D12927-0823-2377-386F-37C7B2927E04}"
EndProject
Project("{FAE04EC0-301F-11D3-BF4B-00C04F79EFBC}") = "Unity.Services.Core.Scheduler", "Unity.Services.Core.Scheduler.csproj", "{ACEAD38C-71C9-9C93-422A-D2855FEE2DC1}"
EndProject
Project("{FAE04EC0-301F-11D3-BF4B-00C04F79EFBC}") = "Unity.Services.Core.Registration", "Unity.Services.Core.Registration.csproj", "{14E78446-943C-E783-A265-3359840DAD56}"
EndProject
Project("{FAE04EC0-301F-11D3-BF4B-00C04F79EFBC}") = "Unity.Services.Core.Device", "Unity.Services.Core.Device.csproj", "{35A5B1FA-F218-E482-E58C-6381C42D9AFF}"
EndProject
Project("{FAE04EC0-301F-11D3-BF4B-00C04F79EFBC}") = "Unity.Services.Core.Threading", "Unity.Services.Core.Threading.csproj", "{7F05E21C-62AE-A45A-6961-CE576FC18D60}"
EndProject
Project("{FAE04EC0-301F-11D3-BF4B-00C04F79EFBC}") = "Unity.Services.Core.Networking", "Unity.Services.Core.Networking.csproj", "{39AC2685-2329-6AA5-9112-B36FEA5629A1}"
EndProject
Project("{FAE04EC0-301F-11D3-BF4B-00C04F79EFBC}") = "Assembly-CSharp", "Assembly-CSharp.csproj", "{96FAEFFA-6A0F-1AE5-6A8D-8D1B796FAC1A}"
EndProject
Project("{FAE04EC0-301F-11D3-BF4B-00C04F79EFBC}") = "Unity.Services.Core.Configuration", "Unity.Services.Core.Configuration.csproj", "{04042817-5EE3-1F31-0CA0-6DBB8A5937AE}"
EndProject
Project("{FAE04EC0-301F-11D3-BF4B-00C04F79EFBC}") = "Unity.PlasticSCM.Editor", "Unity.PlasticSCM.Editor.csproj", "{F568D5D5-DF1D-9681-3F2F-49D0CD885239}"
EndProject
Project("{FAE04EC0-301F-11D3-BF4B-00C04F79EFBC}") = "Unity.VisualScripting.Core.Editor", "Unity.VisualScripting.Core.Editor.csproj", "{A9613033-8753-3972-3898-230CB4B1DCC0}"
EndProject
Project("{FAE04EC0-301F-11D3-BF4B-00C04F79EFBC}") = "Unity.VisualScripting.Flow.Editor", "Unity.VisualScripting.Flow.Editor.csproj", "{C39031E5-59EA-BF2A-96AF-4319BB00A1D9}"
EndProject
Project("{FAE04EC0-301F-11D3-BF4B-00C04F79EFBC}") = "Unity.VisualStudio.Editor", "Unity.VisualStudio.Editor.csproj", "{74A8BA16-6E03-8041-B63F-A297B3D66664}"
EndProject
Project("{FAE04EC0-301F-11D3-BF4B-00C04F79EFBC}") = "Unity.Timeline.Editor", "Unity.Timeline.Editor.csproj", "{CD5A066E-04FD-6A73-4D3B-6805DCF2DD6A}"
EndProject
Project("{FAE04EC0-301F-11D3-BF4B-00C04F79EFBC}") = "Unity.VisualScripting.State.Editor", "Unity.VisualScripting.State.Editor.csproj", "{3AAF1159-D049-44AF-AAC1-40A41F3103A9}"
EndProject
Project("{FAE04EC0-301F-11D3-BF4B-00C04F79EFBC}") = "Unity.TextMeshPro.Editor", "Unity.TextMeshPro.Editor.csproj", "{703445C1-153E-CADF-A2C5-2C5C79C57933}"
EndProject
Project("{FAE04EC0-301F-11D3-BF4B-00C04F79EFBC}") = "Unity.VisualScripting.SettingsProvider.Editor", "Unity.VisualScripting.SettingsProvider.Editor.csproj", "{8CF35C1E-E758-12FD-F2D9-1575FB64EC12}"
EndProject
Project("{FAE04EC0-301F-11D3-BF4B-00C04F79EFBC}") = "Unity.CollabProxy.Editor", "Unity.CollabProxy.Editor.csproj", "{264EDA03-C45D-DFF5-E88A-C2079474505E}"
EndProject
Project("{FAE04EC0-301F-11D3-BF4B-00C04F79EFBC}") = "UnityEditor.TestRunner", "UnityEditor.TestRunner.csproj", "{DC677169-5E3A-779E-E314-5BEC89BC6B78}"
EndProject
Project("{FAE04EC0-301F-11D3-BF4B-00C04F79EFBC}") = "Unity.Services.Core.Editor", "Unity.Services.Core.Editor.csproj", "{F2341C57-E7B1-F36D-9CFE-459E3415D0D4}"
EndProject
Project("{FAE04EC0-301F-11D3-BF4B-00C04F79EFBC}") = "Unity.TestTools.CodeCoverage.Editor", "Unity.TestTools.CodeCoverage.Editor.csproj", "{B4AA90D5-6169-0E30-813B-4EB97AD642AC}"
EndProject
Project("{FAE04EC0-301F-11D3-BF4B-00C04F79EFBC}") = "Unity.Rider.Editor", "Unity.Rider.Editor.csproj", "{2FD19BC4-5AF7-AF26-9125-AC646068BF3A}"
EndProject
Project("{FAE04EC0-301F-11D3-BF4B-00C04F79EFBC}") = "Unity.Performance.Profile-Analyzer.Editor", "Unity.Performance.Profile-Analyzer.Editor.csproj", "{EBC7A7AD-D836-4688-0826-D4E8907A2912}"
EndProject
Project("{FAE04EC0-301F-11D3-BF4B-00C04F79EFBC}") = "Unity.VSCode.Editor", "Unity.VSCode.Editor.csproj", "{7519141F-3AFE-8D06-E99F-4C98696D6F6C}"
EndProject
Project("{FAE04EC0-301F-11D3-BF4B-00C04F79EFBC}") = "UnityEditor.UI", "UnityEditor.UI.csproj", "{35D1429D-2003-4122-D4E5-40410D3BFB6F}"
EndProject
Project("{FAE04EC0-301F-11D3-BF4B-00C04F79EFBC}") = "Unity.TestTools.CodeCoverage.Editor.OpenCover.Model", "Unity.TestTools.CodeCoverage.Editor.OpenCover.Model.csproj", "{20F9B229-C260-D43A-28C9-8B109BA8CA33}"
EndProject
Project("{FAE04EC0-301F-11D3-BF4B-00C04F79EFBC}") = "Unity.EditorCoroutines.Editor", "Unity.EditorCoroutines.Editor.csproj", "{BEE1F946-F5A3-788A-A8C3-8EC3FEB2A6BA}"
EndProject
Project("{FAE04EC0-301F-11D3-BF4B-00C04F79EFBC}") = "Unity.Settings.Editor", "Unity.Settings.Editor.csproj", "{7D33C43C-0614-7B40-3D14-A3FF87654D00}"
EndProject
Project("{FAE04EC0-301F-11D3-BF4B-00C04F79EFBC}") = "Unity.Services.Core.Configuration.Editor", "Unity.Services.Core.Configuration.Editor.csproj", "{67E525E4-3FAA-9FD9-F581-D27D76476FC8}"
EndProject
Project("{FAE04EC0-301F-11D3-BF4B-00C04F79EFBC}") = "Unity.TestTools.CodeCoverage.Editor.OpenCover.Mono.Reflection", "Unity.TestTools.CodeCoverage.Editor.OpenCover.Mono.Reflection.csproj", "{92BAA95B-BA63-EFF0-3693-8496BD597471}"
EndProject
Project("{FAE04EC0-301F-11D3-BF4B-00C04F79EFBC}") = "Unity.VisualScripting.Shared.Editor", "Unity.VisualScripting.Shared.Editor.csproj", "{3B7D9DE8-9A11-0777-6246-D9CB895FA1F9}"
EndProject
Project("{FAE04EC0-301F-11D3-BF4B-00C04F79EFBC}") = "UnityEngine.UI", "UnityEngine.UI.Player.csproj", "{2596305B-08DD-76BA-77EC-9D40D6CF823D}"
EndProject
Project("{FAE04EC0-301F-11D3-BF4B-00C04F79EFBC}") = "UnityEngine.TestRunner", "UnityEngine.TestRunner.Player.csproj", "{C4945090-E7FD-E781-2764-2F44BBF83DDC}"
EndProject
Project("{FAE04EC0-301F-11D3-BF4B-00C04F79EFBC}") = "Unity.VisualScripting.Flow", "Unity.VisualScripting.Flow.Player.csproj", "{FD00A27B-A67E-CD11-0B09-7BEDD8791136}"
EndProject
Project("{FAE04EC0-301F-11D3-BF4B-00C04F79EFBC}") = "Unity.Services.Core.Telemetry", "Unity.Services.Core.Telemetry.Player.csproj", "{9A536804-9C66-5961-9D99-2BF66800A443}"
EndProject
Project("{FAE04EC0-301F-11D3-BF4B-00C04F79EFBC}") = "Unity.VisualScripting.State", "Unity.VisualScripting.State.Player.csproj", "{3A98AA2F-9068-2A7B-3E83-F131C22B1C48}"
EndProject
Project("{FAE04EC0-301F-11D3-BF4B-00C04F79EFBC}") = "Unity.VisualScripting.Core", "Unity.VisualScripting.Core.Player.csproj", "{FA4CB881-B103-AD6D-241C-CAA06057BB8C}"
EndProject
Project("{FAE04EC0-301F-11D3-BF4B-00C04F79EFBC}") = "Unity.Services.Core.Environments.Internal", "Unity.Services.Core.Environments.Internal.Player.csproj", "{CFDA58C3-0CE3-FC20-E561-70767E8A7B78}"
EndProject
Project("{FAE04EC0-301F-11D3-BF4B-00C04F79EFBC}") = "Unity.TextMeshPro", "Unity.TextMeshPro.Player.csproj", "{24C761B1-69F5-FD4C-CF49-24978EA8488F}"
EndProject
Project("{FAE04EC0-301F-11D3-BF4B-00C04F79EFBC}") = "Unity.Timeline", "Unity.Timeline.Player.csproj", "{1DAC6F42-4E9B-F4EC-B81F-1AA24CC5E375}"
EndProject
Project("{FAE04EC0-301F-11D3-BF4B-00C04F79EFBC}") = "Unity.Services.Core", "Unity.Services.Core.Player.csproj", "{8AF0B5F3-53D3-080E-3CF1-39BC1320300B}"
EndProject
Project("{FAE04EC0-301F-11D3-BF4B-00C04F79EFBC}") = "Unity.Services.Core.Environments", "Unity.Services.Core.Environments.Player.csproj", "{C5079581-809B-AE1E-6104-36BB1CCF5844}"
EndProject
Project("{FAE04EC0-301F-11D3-BF4B-00C04F79EFBC}") = "Unity.Services.Core.Internal", "Unity.Services.Core.Internal.Player.csproj", "{31781610-FC50-EB5A-CA5D-7DBB2B126C5B}"
EndProject
Project("{FAE04EC0-301F-11D3-BF4B-00C04F79EFBC}") = "Unity.Services.Core.Analytics", "Unity.Services.Core.Analytics.Player.csproj", "{905626C1-B0CF-D857-0897-1D5E3FC51A4F}"
EndProject
Project("{FAE04EC0-301F-11D3-BF4B-00C04F79EFBC}") = "Unity.Services.Core.Scheduler", "Unity.Services.Core.Scheduler.Player.csproj", "{DD442B5C-D9D3-2902-38FF-EF09BF8C1FBC}"
EndProject
Project("{FAE04EC0-301F-11D3-BF4B-00C04F79EFBC}") = "Unity.Services.Core.Registration", "Unity.Services.Core.Registration.Player.csproj", "{8FC2CE1B-216F-3E36-4302-2DBAFC4214D4}"
EndProject
Project("{FAE04EC0-301F-11D3-BF4B-00C04F79EFBC}") = "Unity.Services.Core.Device", "Unity.Services.Core.Device.Player.csproj", "{0986893C-B083-0250-ADA5-2E674C08866B}"
EndProject
Project("{FAE04EC0-301F-11D3-BF4B-00C04F79EFBC}") = "Unity.Services.Core.Threading", "Unity.Services.Core.Threading.Player.csproj", "{CFF85CBC-E3AF-CC28-781D-AEBEB4358B55}"
EndProject
Project("{FAE04EC0-301F-11D3-BF4B-00C04F79EFBC}") = "Unity.Services.Core.Networking", "Unity.Services.Core.Networking.Player.csproj", "{25A4E4B9-9181-D9A6-E79D-0660A999C8BA}"
EndProject
Project("{FAE04EC0-301F-11D3-BF4B-00C04F79EFBC}") = "Assembly-CSharp", "Assembly-CSharp.Player.csproj", "{65311FD6-746E-78D1-6380-FC7A489D11A2}"
EndProject
Project("{FAE04EC0-301F-11D3-BF4B-00C04F79EFBC}") = "Unity.Services.Core.Configuration", "Unity.Services.Core.Configuration.Player.csproj", "{BDE5F2F6-C4E5-893A-9445-4F15FEEA9054}"
EndProject
Global
	GlobalSection(SolutionConfigurationPlatforms) = preSolution
		Debug|Any CPU = Debug|Any CPU
		Release|Any CPU = Release|Any CPU
	EndGlobalSection
	GlobalSection(ProjectConfigurationPlatforms) = postSolution
		{D9A28B18-7C91-32F9-646E-91D5068F9413}.Debug|Any CPU.ActiveCfg = Debug|Any CPU
		{D9A28B18-7C91-32F9-646E-91D5068F9413}.Debug|Any CPU.Build.0 = Debug|Any CPU
		{D9A28B18-7C91-32F9-646E-91D5068F9413}.Release|Any CPU.ActiveCfg = Release|Any CPU
		{D9A28B18-7C91-32F9-646E-91D5068F9413}.Release|Any CPU.Build.0 = Release|Any CPU
		{D9A79E38-5A20-2975-E19E-987EC7BCD83C}.Debug|Any CPU.ActiveCfg = Debug|Any CPU
		{D9A79E38-5A20-2975-E19E-987EC7BCD83C}.Debug|Any CPU.Build.0 = Debug|Any CPU
		{D9A79E38-5A20-2975-E19E-987EC7BCD83C}.Release|Any CPU.ActiveCfg = Release|Any CPU
		{D9A79E38-5A20-2975-E19E-987EC7BCD83C}.Release|Any CPU.Build.0 = Release|Any CPU
		{D998F1A4-6875-A04E-8108-C807F7AB215C}.Debug|Any CPU.ActiveCfg = Debug|Any CPU
		{D998F1A4-6875-A04E-8108-C807F7AB215C}.Debug|Any CPU.Build.0 = Debug|Any CPU
		{D998F1A4-6875-A04E-8108-C807F7AB215C}.Release|Any CPU.ActiveCfg = Release|Any CPU
		{D998F1A4-6875-A04E-8108-C807F7AB215C}.Release|Any CPU.Build.0 = Release|Any CPU
		{FDABE3A8-75D8-122E-1C65-A39AE6CA6C50}.Debug|Any CPU.ActiveCfg = Debug|Any CPU
		{FDABE3A8-75D8-122E-1C65-A39AE6CA6C50}.Debug|Any CPU.Build.0 = Debug|Any CPU
		{FDABE3A8-75D8-122E-1C65-A39AE6CA6C50}.Release|Any CPU.ActiveCfg = Release|Any CPU
		{FDABE3A8-75D8-122E-1C65-A39AE6CA6C50}.Release|Any CPU.Build.0 = Release|Any CPU
		{C02945A4-19D3-8AFF-1B9E-C351B7C528D1}.Debug|Any CPU.ActiveCfg = Debug|Any CPU
		{C02945A4-19D3-8AFF-1B9E-C351B7C528D1}.Debug|Any CPU.Build.0 = Debug|Any CPU
		{C02945A4-19D3-8AFF-1B9E-C351B7C528D1}.Release|Any CPU.ActiveCfg = Release|Any CPU
		{C02945A4-19D3-8AFF-1B9E-C351B7C528D1}.Release|Any CPU.Build.0 = Release|Any CPU
		{6F563C4B-6F51-B214-D08C-7210B304683A}.Debug|Any CPU.ActiveCfg = Debug|Any CPU
		{6F563C4B-6F51-B214-D08C-7210B304683A}.Debug|Any CPU.Build.0 = Debug|Any CPU
		{6F563C4B-6F51-B214-D08C-7210B304683A}.Release|Any CPU.ActiveCfg = Release|Any CPU
		{6F563C4B-6F51-B214-D08C-7210B304683A}.Release|Any CPU.Build.0 = Release|Any CPU
		{A28E09E6-8E3A-642D-D749-3E044A23BC50}.Debug|Any CPU.ActiveCfg = Debug|Any CPU
		{A28E09E6-8E3A-642D-D749-3E044A23BC50}.Debug|Any CPU.Build.0 = Debug|Any CPU
		{A28E09E6-8E3A-642D-D749-3E044A23BC50}.Release|Any CPU.ActiveCfg = Release|Any CPU
		{A28E09E6-8E3A-642D-D749-3E044A23BC50}.Release|Any CPU.Build.0 = Release|Any CPU
		{1ED3120C-3AAF-E51B-DA63-61C2165AFCF3}.Debug|Any CPU.ActiveCfg = Debug|Any CPU
		{1ED3120C-3AAF-E51B-DA63-61C2165AFCF3}.Debug|Any CPU.Build.0 = Debug|Any CPU
		{1ED3120C-3AAF-E51B-DA63-61C2165AFCF3}.Release|Any CPU.ActiveCfg = Release|Any CPU
		{1ED3120C-3AAF-E51B-DA63-61C2165AFCF3}.Release|Any CPU.Build.0 = Release|Any CPU
		{559932FB-2B95-0DB7-EF8C-DCD56BAC50CC}.Debug|Any CPU.ActiveCfg = Debug|Any CPU
		{559932FB-2B95-0DB7-EF8C-DCD56BAC50CC}.Debug|Any CPU.Build.0 = Debug|Any CPU
		{559932FB-2B95-0DB7-EF8C-DCD56BAC50CC}.Release|Any CPU.ActiveCfg = Release|Any CPU
		{559932FB-2B95-0DB7-EF8C-DCD56BAC50CC}.Release|Any CPU.Build.0 = Release|Any CPU
		{51EC8A23-4CA3-FF22-73B7-73028CC17652}.Debug|Any CPU.ActiveCfg = Debug|Any CPU
		{51EC8A23-4CA3-FF22-73B7-73028CC17652}.Debug|Any CPU.Build.0 = Debug|Any CPU
		{51EC8A23-4CA3-FF22-73B7-73028CC17652}.Release|Any CPU.ActiveCfg = Release|Any CPU
		{51EC8A23-4CA3-FF22-73B7-73028CC17652}.Release|Any CPU.Build.0 = Release|Any CPU
		{161119CB-F727-546F-F60F-E6B56CC654A8}.Debug|Any CPU.ActiveCfg = Debug|Any CPU
		{161119CB-F727-546F-F60F-E6B56CC654A8}.Debug|Any CPU.Build.0 = Debug|Any CPU
		{161119CB-F727-546F-F60F-E6B56CC654A8}.Release|Any CPU.ActiveCfg = Release|Any CPU
		{161119CB-F727-546F-F60F-E6B56CC654A8}.Release|Any CPU.Build.0 = Release|Any CPU
		{CB34C212-BB43-2B44-8C46-892759C7E44E}.Debug|Any CPU.ActiveCfg = Debug|Any CPU
		{CB34C212-BB43-2B44-8C46-892759C7E44E}.Debug|Any CPU.Build.0 = Debug|Any CPU
		{CB34C212-BB43-2B44-8C46-892759C7E44E}.Release|Any CPU.ActiveCfg = Release|Any CPU
		{CB34C212-BB43-2B44-8C46-892759C7E44E}.Release|Any CPU.Build.0 = Release|Any CPU
		{65D12927-0823-2377-386F-37C7B2927E04}.Debug|Any CPU.ActiveCfg = Debug|Any CPU
		{65D12927-0823-2377-386F-37C7B2927E04}.Debug|Any CPU.Build.0 = Debug|Any CPU
		{65D12927-0823-2377-386F-37C7B2927E04}.Release|Any CPU.ActiveCfg = Release|Any CPU
		{65D12927-0823-2377-386F-37C7B2927E04}.Release|Any CPU.Build.0 = Release|Any CPU
		{ACEAD38C-71C9-9C93-422A-D2855FEE2DC1}.Debug|Any CPU.ActiveCfg = Debug|Any CPU
		{ACEAD38C-71C9-9C93-422A-D2855FEE2DC1}.Debug|Any CPU.Build.0 = Debug|Any CPU
		{ACEAD38C-71C9-9C93-422A-D2855FEE2DC1}.Release|Any CPU.ActiveCfg = Release|Any CPU
		{ACEAD38C-71C9-9C93-422A-D2855FEE2DC1}.Release|Any CPU.Build.0 = Release|Any CPU
		{14E78446-943C-E783-A265-3359840DAD56}.Debug|Any CPU.ActiveCfg = Debug|Any CPU
		{14E78446-943C-E783-A265-3359840DAD56}.Debug|Any CPU.Build.0 = Debug|Any CPU
		{14E78446-943C-E783-A265-3359840DAD56}.Release|Any CPU.ActiveCfg = Release|Any CPU
		{14E78446-943C-E783-A265-3359840DAD56}.Release|Any CPU.Build.0 = Release|Any CPU
		{35A5B1FA-F218-E482-E58C-6381C42D9AFF}.Debug|Any CPU.ActiveCfg = Debug|Any CPU
		{35A5B1FA-F218-E482-E58C-6381C42D9AFF}.Debug|Any CPU.Build.0 = Debug|Any CPU
		{35A5B1FA-F218-E482-E58C-6381C42D9AFF}.Release|Any CPU.ActiveCfg = Release|Any CPU
		{35A5B1FA-F218-E482-E58C-6381C42D9AFF}.Release|Any CPU.Build.0 = Release|Any CPU
		{7F05E21C-62AE-A45A-6961-CE576FC18D60}.Debug|Any CPU.ActiveCfg = Debug|Any CPU
		{7F05E21C-62AE-A45A-6961-CE576FC18D60}.Debug|Any CPU.Build.0 = Debug|Any CPU
		{7F05E21C-62AE-A45A-6961-CE576FC18D60}.Release|Any CPU.ActiveCfg = Release|Any CPU
		{7F05E21C-62AE-A45A-6961-CE576FC18D60}.Release|Any CPU.Build.0 = Release|Any CPU
		{39AC2685-2329-6AA5-9112-B36FEA5629A1}.Debug|Any CPU.ActiveCfg = Debug|Any CPU
		{39AC2685-2329-6AA5-9112-B36FEA5629A1}.Debug|Any CPU.Build.0 = Debug|Any CPU
		{39AC2685-2329-6AA5-9112-B36FEA5629A1}.Release|Any CPU.ActiveCfg = Release|Any CPU
		{39AC2685-2329-6AA5-9112-B36FEA5629A1}.Release|Any CPU.Build.0 = Release|Any CPU
		{96FAEFFA-6A0F-1AE5-6A8D-8D1B796FAC1A}.Debug|Any CPU.ActiveCfg = Debug|Any CPU
		{96FAEFFA-6A0F-1AE5-6A8D-8D1B796FAC1A}.Debug|Any CPU.Build.0 = Debug|Any CPU
		{96FAEFFA-6A0F-1AE5-6A8D-8D1B796FAC1A}.Release|Any CPU.ActiveCfg = Release|Any CPU
		{96FAEFFA-6A0F-1AE5-6A8D-8D1B796FAC1A}.Release|Any CPU.Build.0 = Release|Any CPU
		{04042817-5EE3-1F31-0CA0-6DBB8A5937AE}.Debug|Any CPU.ActiveCfg = Debug|Any CPU
		{04042817-5EE3-1F31-0CA0-6DBB8A5937AE}.Debug|Any CPU.Build.0 = Debug|Any CPU
		{04042817-5EE3-1F31-0CA0-6DBB8A5937AE}.Release|Any CPU.ActiveCfg = Release|Any CPU
		{04042817-5EE3-1F31-0CA0-6DBB8A5937AE}.Release|Any CPU.Build.0 = Release|Any CPU
		{F568D5D5-DF1D-9681-3F2F-49D0CD885239}.Debug|Any CPU.ActiveCfg = Debug|Any CPU
		{F568D5D5-DF1D-9681-3F2F-49D0CD885239}.Debug|Any CPU.Build.0 = Debug|Any CPU
		{F568D5D5-DF1D-9681-3F2F-49D0CD885239}.Release|Any CPU.ActiveCfg = Release|Any CPU
		{F568D5D5-DF1D-9681-3F2F-49D0CD885239}.Release|Any CPU.Build.0 = Release|Any CPU
		{A9613033-8753-3972-3898-230CB4B1DCC0}.Debug|Any CPU.ActiveCfg = Debug|Any CPU
		{A9613033-8753-3972-3898-230CB4B1DCC0}.Debug|Any CPU.Build.0 = Debug|Any CPU
		{A9613033-8753-3972-3898-230CB4B1DCC0}.Release|Any CPU.ActiveCfg = Release|Any CPU
		{A9613033-8753-3972-3898-230CB4B1DCC0}.Release|Any CPU.Build.0 = Release|Any CPU
		{C39031E5-59EA-BF2A-96AF-4319BB00A1D9}.Debug|Any CPU.ActiveCfg = Debug|Any CPU
		{C39031E5-59EA-BF2A-96AF-4319BB00A1D9}.Debug|Any CPU.Build.0 = Debug|Any CPU
		{C39031E5-59EA-BF2A-96AF-4319BB00A1D9}.Release|Any CPU.ActiveCfg = Release|Any CPU
		{C39031E5-59EA-BF2A-96AF-4319BB00A1D9}.Release|Any CPU.Build.0 = Release|Any CPU
		{74A8BA16-6E03-8041-B63F-A297B3D66664}.Debug|Any CPU.ActiveCfg = Debug|Any CPU
		{74A8BA16-6E03-8041-B63F-A297B3D66664}.Debug|Any CPU.Build.0 = Debug|Any CPU
		{74A8BA16-6E03-8041-B63F-A297B3D66664}.Release|Any CPU.ActiveCfg = Release|Any CPU
		{74A8BA16-6E03-8041-B63F-A297B3D66664}.Release|Any CPU.Build.0 = Release|Any CPU
		{CD5A066E-04FD-6A73-4D3B-6805DCF2DD6A}.Debug|Any CPU.ActiveCfg = Debug|Any CPU
		{CD5A066E-04FD-6A73-4D3B-6805DCF2DD6A}.Debug|Any CPU.Build.0 = Debug|Any CPU
		{CD5A066E-04FD-6A73-4D3B-6805DCF2DD6A}.Release|Any CPU.ActiveCfg = Release|Any CPU
		{CD5A066E-04FD-6A73-4D3B-6805DCF2DD6A}.Release|Any CPU.Build.0 = Release|Any CPU
		{3AAF1159-D049-44AF-AAC1-40A41F3103A9}.Debug|Any CPU.ActiveCfg = Debug|Any CPU
		{3AAF1159-D049-44AF-AAC1-40A41F3103A9}.Debug|Any CPU.Build.0 = Debug|Any CPU
		{3AAF1159-D049-44AF-AAC1-40A41F3103A9}.Release|Any CPU.ActiveCfg = Release|Any CPU
		{3AAF1159-D049-44AF-AAC1-40A41F3103A9}.Release|Any CPU.Build.0 = Release|Any CPU
		{703445C1-153E-CADF-A2C5-2C5C79C57933}.Debug|Any CPU.ActiveCfg = Debug|Any CPU
		{703445C1-153E-CADF-A2C5-2C5C79C57933}.Debug|Any CPU.Build.0 = Debug|Any CPU
		{703445C1-153E-CADF-A2C5-2C5C79C57933}.Release|Any CPU.ActiveCfg = Release|Any CPU
		{703445C1-153E-CADF-A2C5-2C5C79C57933}.Release|Any CPU.Build.0 = Release|Any CPU
		{8CF35C1E-E758-12FD-F2D9-1575FB64EC12}.Debug|Any CPU.ActiveCfg = Debug|Any CPU
		{8CF35C1E-E758-12FD-F2D9-1575FB64EC12}.Debug|Any CPU.Build.0 = Debug|Any CPU
		{8CF35C1E-E758-12FD-F2D9-1575FB64EC12}.Release|Any CPU.ActiveCfg = Release|Any CPU
		{8CF35C1E-E758-12FD-F2D9-1575FB64EC12}.Release|Any CPU.Build.0 = Release|Any CPU
		{264EDA03-C45D-DFF5-E88A-C2079474505E}.Debug|Any CPU.ActiveCfg = Debug|Any CPU
		{264EDA03-C45D-DFF5-E88A-C2079474505E}.Debug|Any CPU.Build.0 = Debug|Any CPU
		{264EDA03-C45D-DFF5-E88A-C2079474505E}.Release|Any CPU.ActiveCfg = Release|Any CPU
		{264EDA03-C45D-DFF5-E88A-C2079474505E}.Release|Any CPU.Build.0 = Release|Any CPU
		{DC677169-5E3A-779E-E314-5BEC89BC6B78}.Debug|Any CPU.ActiveCfg = Debug|Any CPU
		{DC677169-5E3A-779E-E314-5BEC89BC6B78}.Debug|Any CPU.Build.0 = Debug|Any CPU
		{DC677169-5E3A-779E-E314-5BEC89BC6B78}.Release|Any CPU.ActiveCfg = Release|Any CPU
		{DC677169-5E3A-779E-E314-5BEC89BC6B78}.Release|Any CPU.Build.0 = Release|Any CPU
		{F2341C57-E7B1-F36D-9CFE-459E3415D0D4}.Debug|Any CPU.ActiveCfg = Debug|Any CPU
		{F2341C57-E7B1-F36D-9CFE-459E3415D0D4}.Debug|Any CPU.Build.0 = Debug|Any CPU
		{F2341C57-E7B1-F36D-9CFE-459E3415D0D4}.Release|Any CPU.ActiveCfg = Release|Any CPU
		{F2341C57-E7B1-F36D-9CFE-459E3415D0D4}.Release|Any CPU.Build.0 = Release|Any CPU
		{B4AA90D5-6169-0E30-813B-4EB97AD642AC}.Debug|Any CPU.ActiveCfg = Debug|Any CPU
		{B4AA90D5-6169-0E30-813B-4EB97AD642AC}.Debug|Any CPU.Build.0 = Debug|Any CPU
		{B4AA90D5-6169-0E30-813B-4EB97AD642AC}.Release|Any CPU.ActiveCfg = Release|Any CPU
		{B4AA90D5-6169-0E30-813B-4EB97AD642AC}.Release|Any CPU.Build.0 = Release|Any CPU
		{2FD19BC4-5AF7-AF26-9125-AC646068BF3A}.Debug|Any CPU.ActiveCfg = Debug|Any CPU
		{2FD19BC4-5AF7-AF26-9125-AC646068BF3A}.Debug|Any CPU.Build.0 = Debug|Any CPU
		{2FD19BC4-5AF7-AF26-9125-AC646068BF3A}.Release|Any CPU.ActiveCfg = Release|Any CPU
		{2FD19BC4-5AF7-AF26-9125-AC646068BF3A}.Release|Any CPU.Build.0 = Release|Any CPU
		{EBC7A7AD-D836-4688-0826-D4E8907A2912}.Debug|Any CPU.ActiveCfg = Debug|Any CPU
		{EBC7A7AD-D836-4688-0826-D4E8907A2912}.Debug|Any CPU.Build.0 = Debug|Any CPU
		{EBC7A7AD-D836-4688-0826-D4E8907A2912}.Release|Any CPU.ActiveCfg = Release|Any CPU
		{EBC7A7AD-D836-4688-0826-D4E8907A2912}.Release|Any CPU.Build.0 = Release|Any CPU
		{7519141F-3AFE-8D06-E99F-4C98696D6F6C}.Debug|Any CPU.ActiveCfg = Debug|Any CPU
		{7519141F-3AFE-8D06-E99F-4C98696D6F6C}.Debug|Any CPU.Build.0 = Debug|Any CPU
		{7519141F-3AFE-8D06-E99F-4C98696D6F6C}.Release|Any CPU.ActiveCfg = Release|Any CPU
		{7519141F-3AFE-8D06-E99F-4C98696D6F6C}.Release|Any CPU.Build.0 = Release|Any CPU
		{35D1429D-2003-4122-D4E5-40410D3BFB6F}.Debug|Any CPU.ActiveCfg = Debug|Any CPU
		{35D1429D-2003-4122-D4E5-40410D3BFB6F}.Debug|Any CPU.Build.0 = Debug|Any CPU
		{35D1429D-2003-4122-D4E5-40410D3BFB6F}.Release|Any CPU.ActiveCfg = Release|Any CPU
		{35D1429D-2003-4122-D4E5-40410D3BFB6F}.Release|Any CPU.Build.0 = Release|Any CPU
		{20F9B229-C260-D43A-28C9-8B109BA8CA33}.Debug|Any CPU.ActiveCfg = Debug|Any CPU
		{20F9B229-C260-D43A-28C9-8B109BA8CA33}.Debug|Any CPU.Build.0 = Debug|Any CPU
		{20F9B229-C260-D43A-28C9-8B109BA8CA33}.Release|Any CPU.ActiveCfg = Release|Any CPU
		{20F9B229-C260-D43A-28C9-8B109BA8CA33}.Release|Any CPU.Build.0 = Release|Any CPU
		{BEE1F946-F5A3-788A-A8C3-8EC3FEB2A6BA}.Debug|Any CPU.ActiveCfg = Debug|Any CPU
		{BEE1F946-F5A3-788A-A8C3-8EC3FEB2A6BA}.Debug|Any CPU.Build.0 = Debug|Any CPU
		{BEE1F946-F5A3-788A-A8C3-8EC3FEB2A6BA}.Release|Any CPU.ActiveCfg = Release|Any CPU
		{BEE1F946-F5A3-788A-A8C3-8EC3FEB2A6BA}.Release|Any CPU.Build.0 = Release|Any CPU
		{7D33C43C-0614-7B40-3D14-A3FF87654D00}.Debug|Any CPU.ActiveCfg = Debug|Any CPU
		{7D33C43C-0614-7B40-3D14-A3FF87654D00}.Debug|Any CPU.Build.0 = Debug|Any CPU
		{7D33C43C-0614-7B40-3D14-A3FF87654D00}.Release|Any CPU.ActiveCfg = Release|Any CPU
		{7D33C43C-0614-7B40-3D14-A3FF87654D00}.Release|Any CPU.Build.0 = Release|Any CPU
		{67E525E4-3FAA-9FD9-F581-D27D76476FC8}.Debug|Any CPU.ActiveCfg = Debug|Any CPU
		{67E525E4-3FAA-9FD9-F581-D27D76476FC8}.Debug|Any CPU.Build.0 = Debug|Any CPU
		{67E525E4-3FAA-9FD9-F581-D27D76476FC8}.Release|Any CPU.ActiveCfg = Release|Any CPU
		{67E525E4-3FAA-9FD9-F581-D27D76476FC8}.Release|Any CPU.Build.0 = Release|Any CPU
		{92BAA95B-BA63-EFF0-3693-8496BD597471}.Debug|Any CPU.ActiveCfg = Debug|Any CPU
		{92BAA95B-BA63-EFF0-3693-8496BD597471}.Debug|Any CPU.Build.0 = Debug|Any CPU
		{92BAA95B-BA63-EFF0-3693-8496BD597471}.Release|Any CPU.ActiveCfg = Release|Any CPU
		{92BAA95B-BA63-EFF0-3693-8496BD597471}.Release|Any CPU.Build.0 = Release|Any CPU
		{3B7D9DE8-9A11-0777-6246-D9CB895FA1F9}.Debug|Any CPU.ActiveCfg = Debug|Any CPU
		{3B7D9DE8-9A11-0777-6246-D9CB895FA1F9}.Debug|Any CPU.Build.0 = Debug|Any CPU
		{3B7D9DE8-9A11-0777-6246-D9CB895FA1F9}.Release|Any CPU.ActiveCfg = Release|Any CPU
		{3B7D9DE8-9A11-0777-6246-D9CB895FA1F9}.Release|Any CPU.Build.0 = Release|Any CPU
		{2596305B-08DD-76BA-77EC-9D40D6CF823D}.Debug|Any CPU.ActiveCfg = Debug|Any CPU
		{2596305B-08DD-76BA-77EC-9D40D6CF823D}.Debug|Any CPU.Build.0 = Debug|Any CPU
		{2596305B-08DD-76BA-77EC-9D40D6CF823D}.Release|Any CPU.ActiveCfg = Release|Any CPU
		{2596305B-08DD-76BA-77EC-9D40D6CF823D}.Release|Any CPU.Build.0 = Release|Any CPU
		{C4945090-E7FD-E781-2764-2F44BBF83DDC}.Debug|Any CPU.ActiveCfg = Debug|Any CPU
		{C4945090-E7FD-E781-2764-2F44BBF83DDC}.Debug|Any CPU.Build.0 = Debug|Any CPU
		{C4945090-E7FD-E781-2764-2F44BBF83DDC}.Release|Any CPU.ActiveCfg = Release|Any CPU
		{C4945090-E7FD-E781-2764-2F44BBF83DDC}.Release|Any CPU.Build.0 = Release|Any CPU
		{FD00A27B-A67E-CD11-0B09-7BEDD8791136}.Debug|Any CPU.ActiveCfg = Debug|Any CPU
		{FD00A27B-A67E-CD11-0B09-7BEDD8791136}.Debug|Any CPU.Build.0 = Debug|Any CPU
		{FD00A27B-A67E-CD11-0B09-7BEDD8791136}.Release|Any CPU.ActiveCfg = Release|Any CPU
		{FD00A27B-A67E-CD11-0B09-7BEDD8791136}.Release|Any CPU.Build.0 = Release|Any CPU
		{9A536804-9C66-5961-9D99-2BF66800A443}.Debug|Any CPU.ActiveCfg = Debug|Any CPU
		{9A536804-9C66-5961-9D99-2BF66800A443}.Debug|Any CPU.Build.0 = Debug|Any CPU
		{9A536804-9C66-5961-9D99-2BF66800A443}.Release|Any CPU.ActiveCfg = Release|Any CPU
		{9A536804-9C66-5961-9D99-2BF66800A443}.Release|Any CPU.Build.0 = Release|Any CPU
		{3A98AA2F-9068-2A7B-3E83-F131C22B1C48}.Debug|Any CPU.ActiveCfg = Debug|Any CPU
		{3A98AA2F-9068-2A7B-3E83-F131C22B1C48}.Debug|Any CPU.Build.0 = Debug|Any CPU
		{3A98AA2F-9068-2A7B-3E83-F131C22B1C48}.Release|Any CPU.ActiveCfg = Release|Any CPU
		{3A98AA2F-9068-2A7B-3E83-F131C22B1C48}.Release|Any CPU.Build.0 = Release|Any CPU
		{FA4CB881-B103-AD6D-241C-CAA06057BB8C}.Debug|Any CPU.ActiveCfg = Debug|Any CPU
		{FA4CB881-B103-AD6D-241C-CAA06057BB8C}.Debug|Any CPU.Build.0 = Debug|Any CPU
		{FA4CB881-B103-AD6D-241C-CAA06057BB8C}.Release|Any CPU.ActiveCfg = Release|Any CPU
		{FA4CB881-B103-AD6D-241C-CAA06057BB8C}.Release|Any CPU.Build.0 = Release|Any CPU
		{CFDA58C3-0CE3-FC20-E561-70767E8A7B78}.Debug|Any CPU.ActiveCfg = Debug|Any CPU
		{CFDA58C3-0CE3-FC20-E561-70767E8A7B78}.Debug|Any CPU.Build.0 = Debug|Any CPU
		{CFDA58C3-0CE3-FC20-E561-70767E8A7B78}.Release|Any CPU.ActiveCfg = Release|Any CPU
		{CFDA58C3-0CE3-FC20-E561-70767E8A7B78}.Release|Any CPU.Build.0 = Release|Any CPU
		{24C761B1-69F5-FD4C-CF49-24978EA8488F}.Debug|Any CPU.ActiveCfg = Debug|Any CPU
		{24C761B1-69F5-FD4C-CF49-24978EA8488F}.Debug|Any CPU.Build.0 = Debug|Any CPU
		{24C761B1-69F5-FD4C-CF49-24978EA8488F}.Release|Any CPU.ActiveCfg = Release|Any CPU
		{24C761B1-69F5-FD4C-CF49-24978EA8488F}.Release|Any CPU.Build.0 = Release|Any CPU
		{1DAC6F42-4E9B-F4EC-B81F-1AA24CC5E375}.Debug|Any CPU.ActiveCfg = Debug|Any CPU
		{1DAC6F42-4E9B-F4EC-B81F-1AA24CC5E375}.Debug|Any CPU.Build.0 = Debug|Any CPU
		{1DAC6F42-4E9B-F4EC-B81F-1AA24CC5E375}.Release|Any CPU.ActiveCfg = Release|Any CPU
		{1DAC6F42-4E9B-F4EC-B81F-1AA24CC5E375}.Release|Any CPU.Build.0 = Release|Any CPU
		{8AF0B5F3-53D3-080E-3CF1-39BC1320300B}.Debug|Any CPU.ActiveCfg = Debug|Any CPU
		{8AF0B5F3-53D3-080E-3CF1-39BC1320300B}.Debug|Any CPU.Build.0 = Debug|Any CPU
		{8AF0B5F3-53D3-080E-3CF1-39BC1320300B}.Release|Any CPU.ActiveCfg = Release|Any CPU
		{8AF0B5F3-53D3-080E-3CF1-39BC1320300B}.Release|Any CPU.Build.0 = Release|Any CPU
		{C5079581-809B-AE1E-6104-36BB1CCF5844}.Debug|Any CPU.ActiveCfg = Debug|Any CPU
		{C5079581-809B-AE1E-6104-36BB1CCF5844}.Debug|Any CPU.Build.0 = Debug|Any CPU
		{C5079581-809B-AE1E-6104-36BB1CCF5844}.Release|Any CPU.ActiveCfg = Release|Any CPU
		{C5079581-809B-AE1E-6104-36BB1CCF5844}.Release|Any CPU.Build.0 = Release|Any CPU
		{31781610-FC50-EB5A-CA5D-7DBB2B126C5B}.Debug|Any CPU.ActiveCfg = Debug|Any CPU
		{31781610-FC50-EB5A-CA5D-7DBB2B126C5B}.Debug|Any CPU.Build.0 = Debug|Any CPU
		{31781610-FC50-EB5A-CA5D-7DBB2B126C5B}.Release|Any CPU.ActiveCfg = Release|Any CPU
		{31781610-FC50-EB5A-CA5D-7DBB2B126C5B}.Release|Any CPU.Build.0 = Release|Any CPU
		{905626C1-B0CF-D857-0897-1D5E3FC51A4F}.Debug|Any CPU.ActiveCfg = Debug|Any CPU
		{905626C1-B0CF-D857-0897-1D5E3FC51A4F}.Debug|Any CPU.Build.0 = Debug|Any CPU
		{905626C1-B0CF-D857-0897-1D5E3FC51A4F}.Release|Any CPU.ActiveCfg = Release|Any CPU
		{905626C1-B0CF-D857-0897-1D5E3FC51A4F}.Release|Any CPU.Build.0 = Release|Any CPU
		{DD442B5C-D9D3-2902-38FF-EF09BF8C1FBC}.Debug|Any CPU.ActiveCfg = Debug|Any CPU
		{DD442B5C-D9D3-2902-38FF-EF09BF8C1FBC}.Debug|Any CPU.Build.0 = Debug|Any CPU
		{DD442B5C-D9D3-2902-38FF-EF09BF8C1FBC}.Release|Any CPU.ActiveCfg = Release|Any CPU
		{DD442B5C-D9D3-2902-38FF-EF09BF8C1FBC}.Release|Any CPU.Build.0 = Release|Any CPU
		{8FC2CE1B-216F-3E36-4302-2DBAFC4214D4}.Debug|Any CPU.ActiveCfg = Debug|Any CPU
		{8FC2CE1B-216F-3E36-4302-2DBAFC4214D4}.Debug|Any CPU.Build.0 = Debug|Any CPU
		{8FC2CE1B-216F-3E36-4302-2DBAFC4214D4}.Release|Any CPU.ActiveCfg = Release|Any CPU
		{8FC2CE1B-216F-3E36-4302-2DBAFC4214D4}.Release|Any CPU.Build.0 = Release|Any CPU
		{0986893C-B083-0250-ADA5-2E674C08866B}.Debug|Any CPU.ActiveCfg = Debug|Any CPU
		{0986893C-B083-0250-ADA5-2E674C08866B}.Debug|Any CPU.Build.0 = Debug|Any CPU
		{0986893C-B083-0250-ADA5-2E674C08866B}.Release|Any CPU.ActiveCfg = Release|Any CPU
		{0986893C-B083-0250-ADA5-2E674C08866B}.Release|Any CPU.Build.0 = Release|Any CPU
		{CFF85CBC-E3AF-CC28-781D-AEBEB4358B55}.Debug|Any CPU.ActiveCfg = Debug|Any CPU
		{CFF85CBC-E3AF-CC28-781D-AEBEB4358B55}.Debug|Any CPU.Build.0 = Debug|Any CPU
		{CFF85CBC-E3AF-CC28-781D-AEBEB4358B55}.Release|Any CPU.ActiveCfg = Release|Any CPU
		{CFF85CBC-E3AF-CC28-781D-AEBEB4358B55}.Release|Any CPU.Build.0 = Release|Any CPU
		{25A4E4B9-9181-D9A6-E79D-0660A999C8BA}.Debug|Any CPU.ActiveCfg = Debug|Any CPU
		{25A4E4B9-9181-D9A6-E79D-0660A999C8BA}.Debug|Any CPU.Build.0 = Debug|Any CPU
		{25A4E4B9-9181-D9A6-E79D-0660A999C8BA}.Release|Any CPU.ActiveCfg = Release|Any CPU
		{25A4E4B9-9181-D9A6-E79D-0660A999C8BA}.Release|Any CPU.Build.0 = Release|Any CPU
		{65311FD6-746E-78D1-6380-FC7A489D11A2}.Debug|Any CPU.ActiveCfg = Debug|Any CPU
		{65311FD6-746E-78D1-6380-FC7A489D11A2}.Debug|Any CPU.Build.0 = Debug|Any CPU
		{65311FD6-746E-78D1-6380-FC7A489D11A2}.Release|Any CPU.ActiveCfg = Release|Any CPU
		{65311FD6-746E-78D1-6380-FC7A489D11A2}.Release|Any CPU.Build.0 = Release|Any CPU
		{BDE5F2F6-C4E5-893A-9445-4F15FEEA9054}.Debug|Any CPU.ActiveCfg = Debug|Any CPU
		{BDE5F2F6-C4E5-893A-9445-4F15FEEA9054}.Debug|Any CPU.Build.0 = Debug|Any CPU
		{BDE5F2F6-C4E5-893A-9445-4F15FEEA9054}.Release|Any CPU.ActiveCfg = Release|Any CPU
		{BDE5F2F6-C4E5-893A-9445-4F15FEEA9054}.Release|Any CPU.Build.0 = Release|Any CPU
	EndGlobalSection
	GlobalSection(SolutionProperties) = preSolution
		HideSolutionNode = FALSE
	EndGlobalSection
EndGlobal
